// !$*UTF8*$!
{
	archiveVersion = 1;
	classes = {
	};
	objectVersion = 50;
	objects = {

/* Begin PBXBuildFile section */
		426C867D25389E190038BC43 /* MovieDetailsView.swift in Sources */ = {isa = PBXBuildFile; fileRef = 426C867325389DCB0038BC43 /* MovieDetailsView.swift */; };
		426C86A42538A9B80038BC43 /* ErrorView.swift in Sources */ = {isa = PBXBuildFile; fileRef = 426C86A32538A9B80038BC43 /* ErrorView.swift */; };
		42733B562537473200418642 /* UILayer.framework in Frameworks */ = {isa = PBXBuildFile; fileRef = 42733B4C2537473200418642 /* UILayer.framework */; };
		42733B5B2537473200418642 /* UILayerTests.swift in Sources */ = {isa = PBXBuildFile; fileRef = 42733B5A2537473200418642 /* UILayerTests.swift */; };
		42733BFA2537484700418642 /* DomainLayer.framework in Frameworks */ = {isa = PBXBuildFile; fileRef = 42733BF92537484700418642 /* DomainLayer.framework */; };
		42733BFB2537484700418642 /* DomainLayer.framework in Embed Frameworks */ = {isa = PBXBuildFile; fileRef = 42733BF92537484700418642 /* DomainLayer.framework */; settings = {ATTRIBUTES = (CodeSignOnCopy, RemoveHeadersOnCopy, ); }; };
		42733C0B253748D800418642 /* MainView.swift in Sources */ = {isa = PBXBuildFile; fileRef = 42733C0A253748D800418642 /* MainView.swift */; };
		42733C2125374C6B00418642 /* PopularMoviesView.swift in Sources */ = {isa = PBXBuildFile; fileRef = 42733C2025374C6B00418642 /* PopularMoviesView.swift */; };
		42733C3B2537521200418642 /* MovieListItemView.swift in Sources */ = {isa = PBXBuildFile; fileRef = 42733C3A2537521200418642 /* MovieListItemView.swift */; };
		42AF811D2545CC5600B83EF9 /* UILayerAssets.xcassets in Resources */ = {isa = PBXBuildFile; fileRef = 42AF811C2545CC5600B83EF9 /* UILayerAssets.xcassets */; };
		42AF81212545CCCA00B83EF9 /* Color+Assets.swift in Sources */ = {isa = PBXBuildFile; fileRef = 42AF81202545CCCA00B83EF9 /* Color+Assets.swift */; };
		42AF81242545D3A000B83EF9 /* Text+Default.swift in Sources */ = {isa = PBXBuildFile; fileRef = 42AF81232545D3A000B83EF9 /* Text+Default.swift */; };
		42AF81272546E20300B83EF9 /* AppAppearance.swift in Sources */ = {isa = PBXBuildFile; fileRef = 42AF81262546E20300B83EF9 /* AppAppearance.swift */; };
/* End PBXBuildFile section */

/* Begin PBXContainerItemProxy section */
		42733B572537473200418642 /* PBXContainerItemProxy */ = {
			isa = PBXContainerItemProxy;
			containerPortal = 42733B432537473200418642 /* Project object */;
			proxyType = 1;
			remoteGlobalIDString = 42733B4B2537473200418642;
			remoteInfo = UILayer;
		};
/* End PBXContainerItemProxy section */

/* Begin PBXCopyFilesBuildPhase section */
		42733BFC2537484700418642 /* Embed Frameworks */ = {
			isa = PBXCopyFilesBuildPhase;
			buildActionMask = 2147483647;
			dstPath = "";
			dstSubfolderSpec = 10;
			files = (
				42733BFB2537484700418642 /* DomainLayer.framework in Embed Frameworks */,
			);
			name = "Embed Frameworks";
			runOnlyForDeploymentPostprocessing = 0;
		};
/* End PBXCopyFilesBuildPhase section */

/* Begin PBXFileReference section */
		426C867325389DCB0038BC43 /* MovieDetailsView.swift */ = {isa = PBXFileReference; lastKnownFileType = sourcecode.swift; path = MovieDetailsView.swift; sourceTree = "<group>"; };
		426C86A32538A9B80038BC43 /* ErrorView.swift */ = {isa = PBXFileReference; lastKnownFileType = sourcecode.swift; path = ErrorView.swift; sourceTree = "<group>"; };
		42733B4C2537473200418642 /* UILayer.framework */ = {isa = PBXFileReference; explicitFileType = wrapper.framework; includeInIndex = 0; path = UILayer.framework; sourceTree = BUILT_PRODUCTS_DIR; };
		42733B502537473200418642 /* Info.plist */ = {isa = PBXFileReference; lastKnownFileType = text.plist.xml; path = Info.plist; sourceTree = "<group>"; };
		42733B552537473200418642 /* UILayerTests.xctest */ = {isa = PBXFileReference; explicitFileType = wrapper.cfbundle; includeInIndex = 0; path = UILayerTests.xctest; sourceTree = BUILT_PRODUCTS_DIR; };
		42733B5A2537473200418642 /* UILayerTests.swift */ = {isa = PBXFileReference; lastKnownFileType = sourcecode.swift; path = UILayerTests.swift; sourceTree = "<group>"; };
		42733B5C2537473200418642 /* Info.plist */ = {isa = PBXFileReference; lastKnownFileType = text.plist.xml; path = Info.plist; sourceTree = "<group>"; };
		42733BF92537484700418642 /* DomainLayer.framework */ = {isa = PBXFileReference; explicitFileType = wrapper.framework; path = DomainLayer.framework; sourceTree = BUILT_PRODUCTS_DIR; };
		42733C0A253748D800418642 /* MainView.swift */ = {isa = PBXFileReference; lastKnownFileType = sourcecode.swift; path = MainView.swift; sourceTree = "<group>"; };
		42733C2025374C6B00418642 /* PopularMoviesView.swift */ = {isa = PBXFileReference; lastKnownFileType = sourcecode.swift; path = PopularMoviesView.swift; sourceTree = "<group>"; };
		42733C3A2537521200418642 /* MovieListItemView.swift */ = {isa = PBXFileReference; lastKnownFileType = sourcecode.swift; path = MovieListItemView.swift; sourceTree = "<group>"; };
		42AF811C2545CC5600B83EF9 /* UILayerAssets.xcassets */ = {isa = PBXFileReference; lastKnownFileType = folder.assetcatalog; path = UILayerAssets.xcassets; sourceTree = "<group>"; };
		42AF81202545CCCA00B83EF9 /* Color+Assets.swift */ = {isa = PBXFileReference; lastKnownFileType = sourcecode.swift; path = "Color+Assets.swift"; sourceTree = "<group>"; };
		42AF81232545D3A000B83EF9 /* Text+Default.swift */ = {isa = PBXFileReference; lastKnownFileType = sourcecode.swift; path = "Text+Default.swift"; sourceTree = "<group>"; };
		42AF81262546E20300B83EF9 /* AppAppearance.swift */ = {isa = PBXFileReference; lastKnownFileType = sourcecode.swift; path = AppAppearance.swift; sourceTree = "<group>"; };
/* End PBXFileReference section */

/* Begin PBXFrameworksBuildPhase section */
		42733B492537473200418642 /* Frameworks */ = {
			isa = PBXFrameworksBuildPhase;
			buildActionMask = 2147483647;
			files = (
				42733BFA2537484700418642 /* DomainLayer.framework in Frameworks */,
			);
			runOnlyForDeploymentPostprocessing = 0;
		};
		42733B522537473200418642 /* Frameworks */ = {
			isa = PBXFrameworksBuildPhase;
			buildActionMask = 2147483647;
			files = (
				42733B562537473200418642 /* UILayer.framework in Frameworks */,
			);
			runOnlyForDeploymentPostprocessing = 0;
		};
/* End PBXFrameworksBuildPhase section */

/* Begin PBXGroup section */
		426C867225389DAE0038BC43 /* Movie details */ = {
			isa = PBXGroup;
			children = (
				426C867325389DCB0038BC43 /* MovieDetailsView.swift */,
			);
			path = "Movie details";
			sourceTree = "<group>";
		};
		426C869E2538A9970038BC43 /* Components */ = {
			isa = PBXGroup;
			children = (
				426C86A32538A9B80038BC43 /* ErrorView.swift */,
				42AF81202545CCCA00B83EF9 /* Color+Assets.swift */,
				42AF81232545D3A000B83EF9 /* Text+Default.swift */,
			);
			path = Components;
			sourceTree = "<group>";
		};
		42733B422537473200418642 = {
			isa = PBXGroup;
			children = (
				42733B4E2537473200418642 /* UILayer */,
				42733B592537473200418642 /* UILayerTests */,
				42733B4D2537473200418642 /* Products */,
				42733BF82537484700418642 /* Frameworks */,
			);
			sourceTree = "<group>";
		};
		42733B4D2537473200418642 /* Products */ = {
			isa = PBXGroup;
			children = (
				42733B4C2537473200418642 /* UILayer.framework */,
				42733B552537473200418642 /* UILayerTests.xctest */,
			);
			name = Products;
			sourceTree = "<group>";
		};
		42733B4E2537473200418642 /* UILayer */ = {
			isa = PBXGroup;
			children = (
				42733C0A253748D800418642 /* MainView.swift */,
				42AF81262546E20300B83EF9 /* AppAppearance.swift */,
				426C869E2538A9970038BC43 /* Components */,
				42733C33253751F900418642 /* Popular movies */,
				426C867225389DAE0038BC43 /* Movie details */,
				42733B502537473200418642 /* Info.plist */,
				42AF811C2545CC5600B83EF9 /* UILayerAssets.xcassets */,
			);
			path = UILayer;
			sourceTree = "<group>";
		};
		42733B592537473200418642 /* UILayerTests */ = {
			isa = PBXGroup;
			children = (
				42733B5A2537473200418642 /* UILayerTests.swift */,
				42733B5C2537473200418642 /* Info.plist */,
			);
			path = UILayerTests;
			sourceTree = "<group>";
		};
		42733BF82537484700418642 /* Frameworks */ = {
			isa = PBXGroup;
			children = (
				42733BF92537484700418642 /* DomainLayer.framework */,
			);
			name = Frameworks;
			sourceTree = "<group>";
		};
		42733C33253751F900418642 /* Popular movies */ = {
			isa = PBXGroup;
			children = (
				42733C2025374C6B00418642 /* PopularMoviesView.swift */,
				42733C3A2537521200418642 /* MovieListItemView.swift */,
			);
			path = "Popular movies";
			sourceTree = "<group>";
		};
/* End PBXGroup section */

/* Begin PBXHeadersBuildPhase section */
		42733B472537473200418642 /* Headers */ = {
			isa = PBXHeadersBuildPhase;
			buildActionMask = 2147483647;
			files = (
			);
			runOnlyForDeploymentPostprocessing = 0;
		};
/* End PBXHeadersBuildPhase section */

/* Begin PBXNativeTarget section */
		42733B4B2537473200418642 /* UILayer */ = {
			isa = PBXNativeTarget;
			buildConfigurationList = 42733B602537473200418642 /* Build configuration list for PBXNativeTarget "UILayer" */;
			buildPhases = (
				42733B472537473200418642 /* Headers */,
				42733B482537473200418642 /* Sources */,
				42733B492537473200418642 /* Frameworks */,
				42733B4A2537473200418642 /* Resources */,
				42733BFC2537484700418642 /* Embed Frameworks */,
			);
			buildRules = (
			);
			dependencies = (
			);
			name = UILayer;
			productName = UILayer;
			productReference = 42733B4C2537473200418642 /* UILayer.framework */;
			productType = "com.apple.product-type.framework";
		};
		42733B542537473200418642 /* UILayerTests */ = {
			isa = PBXNativeTarget;
			buildConfigurationList = 42733B632537473200418642 /* Build configuration list for PBXNativeTarget "UILayerTests" */;
			buildPhases = (
				42733B512537473200418642 /* Sources */,
				42733B522537473200418642 /* Frameworks */,
				42733B532537473200418642 /* Resources */,
			);
			buildRules = (
			);
			dependencies = (
				42733B582537473200418642 /* PBXTargetDependency */,
			);
			name = UILayerTests;
			productName = UILayerTests;
			productReference = 42733B552537473200418642 /* UILayerTests.xctest */;
			productType = "com.apple.product-type.bundle.unit-test";
		};
/* End PBXNativeTarget section */

/* Begin PBXProject section */
		42733B432537473200418642 /* Project object */ = {
			isa = PBXProject;
			attributes = {
				LastSwiftUpdateCheck = 1200;
				LastUpgradeCheck = 1200;
				TargetAttributes = {
					42733B4B2537473200418642 = {
						CreatedOnToolsVersion = 12.0.1;
					};
					42733B542537473200418642 = {
						CreatedOnToolsVersion = 12.0.1;
					};
				};
			};
			buildConfigurationList = 42733B462537473200418642 /* Build configuration list for PBXProject "UILayer" */;
			compatibilityVersion = "Xcode 9.3";
			developmentRegion = en;
			hasScannedForEncodings = 0;
			knownRegions = (
				en,
				Base,
			);
			mainGroup = 42733B422537473200418642;
			productRefGroup = 42733B4D2537473200418642 /* Products */;
			projectDirPath = "";
			projectRoot = "";
			targets = (
				42733B4B2537473200418642 /* UILayer */,
				42733B542537473200418642 /* UILayerTests */,
			);
		};
/* End PBXProject section */

/* Begin PBXResourcesBuildPhase section */
		42733B4A2537473200418642 /* Resources */ = {
			isa = PBXResourcesBuildPhase;
			buildActionMask = 2147483647;
			files = (
				42AF811D2545CC5600B83EF9 /* UILayerAssets.xcassets in Resources */,
			);
			runOnlyForDeploymentPostprocessing = 0;
		};
		42733B532537473200418642 /* Resources */ = {
			isa = PBXResourcesBuildPhase;
			buildActionMask = 2147483647;
			files = (
			);
			runOnlyForDeploymentPostprocessing = 0;
		};
/* End PBXResourcesBuildPhase section */

/* Begin PBXSourcesBuildPhase section */
		42733B482537473200418642 /* Sources */ = {
			isa = PBXSourcesBuildPhase;
			buildActionMask = 2147483647;
			files = (
				426C86A42538A9B80038BC43 /* ErrorView.swift in Sources */,
				42733C3B2537521200418642 /* MovieListItemView.swift in Sources */,
				42733C0B253748D800418642 /* MainView.swift in Sources */,
				42733C2125374C6B00418642 /* PopularMoviesView.swift in Sources */,
				42AF81212545CCCA00B83EF9 /* Color+Assets.swift in Sources */,
				42AF81242545D3A000B83EF9 /* Text+Default.swift in Sources */,
				426C867D25389E190038BC43 /* MovieDetailsView.swift in Sources */,
				42AF81272546E20300B83EF9 /* AppAppearance.swift in Sources */,
			);
			runOnlyForDeploymentPostprocessing = 0;
		};
		42733B512537473200418642 /* Sources */ = {
			isa = PBXSourcesBuildPhase;
			buildActionMask = 2147483647;
			files = (
				42733B5B2537473200418642 /* UILayerTests.swift in Sources */,
			);
			runOnlyForDeploymentPostprocessing = 0;
		};
/* End PBXSourcesBuildPhase section */

/* Begin PBXTargetDependency section */
		42733B582537473200418642 /* PBXTargetDependency */ = {
			isa = PBXTargetDependency;
			target = 42733B4B2537473200418642 /* UILayer */;
			targetProxy = 42733B572537473200418642 /* PBXContainerItemProxy */;
		};
/* End PBXTargetDependency section */

/* Begin XCBuildConfiguration section */
		42733B5E2537473200418642 /* Debug */ = {
			isa = XCBuildConfiguration;
			buildSettings = {
				ALWAYS_SEARCH_USER_PATHS = NO;
				CLANG_ANALYZER_NONNULL = YES;
				CLANG_ANALYZER_NUMBER_OBJECT_CONVERSION = YES_AGGRESSIVE;
				CLANG_CXX_LANGUAGE_STANDARD = "gnu++14";
				CLANG_CXX_LIBRARY = "libc++";
				CLANG_ENABLE_MODULES = YES;
				CLANG_ENABLE_OBJC_ARC = YES;
				CLANG_ENABLE_OBJC_WEAK = YES;
				CLANG_WARN_BLOCK_CAPTURE_AUTORELEASING = YES;
				CLANG_WARN_BOOL_CONVERSION = YES;
				CLANG_WARN_COMMA = YES;
				CLANG_WARN_CONSTANT_CONVERSION = YES;
				CLANG_WARN_DEPRECATED_OBJC_IMPLEMENTATIONS = YES;
				CLANG_WARN_DIRECT_OBJC_ISA_USAGE = YES_ERROR;
				CLANG_WARN_DOCUMENTATION_COMMENTS = YES;
				CLANG_WARN_EMPTY_BODY = YES;
				CLANG_WARN_ENUM_CONVERSION = YES;
				CLANG_WARN_INFINITE_RECURSION = YES;
				CLANG_WARN_INT_CONVERSION = YES;
				CLANG_WARN_NON_LITERAL_NULL_CONVERSION = YES;
				CLANG_WARN_OBJC_IMPLICIT_RETAIN_SELF = YES;
				CLANG_WARN_OBJC_LITERAL_CONVERSION = YES;
				CLANG_WARN_OBJC_ROOT_CLASS = YES_ERROR;
				CLANG_WARN_QUOTED_INCLUDE_IN_FRAMEWORK_HEADER = YES;
				CLANG_WARN_RANGE_LOOP_ANALYSIS = YES;
				CLANG_WARN_STRICT_PROTOTYPES = YES;
				CLANG_WARN_SUSPICIOUS_MOVE = YES;
				CLANG_WARN_UNGUARDED_AVAILABILITY = YES_AGGRESSIVE;
				CLANG_WARN_UNREACHABLE_CODE = YES;
				CLANG_WARN__DUPLICATE_METHOD_MATCH = YES;
				COPY_PHASE_STRIP = NO;
				CURRENT_PROJECT_VERSION = 1;
				DEBUG_INFORMATION_FORMAT = dwarf;
				ENABLE_STRICT_OBJC_MSGSEND = YES;
				ENABLE_TESTABILITY = YES;
				GCC_C_LANGUAGE_STANDARD = gnu11;
				GCC_DYNAMIC_NO_PIC = NO;
				GCC_NO_COMMON_BLOCKS = YES;
				GCC_OPTIMIZATION_LEVEL = 0;
				GCC_PREPROCESSOR_DEFINITIONS = (
					"DEBUG=1",
					"$(inherited)",
				);
				GCC_WARN_64_TO_32_BIT_CONVERSION = YES;
				GCC_WARN_ABOUT_RETURN_TYPE = YES_ERROR;
				GCC_WARN_UNDECLARED_SELECTOR = YES;
				GCC_WARN_UNINITIALIZED_AUTOS = YES_AGGRESSIVE;
				GCC_WARN_UNUSED_FUNCTION = YES;
				GCC_WARN_UNUSED_VARIABLE = YES;
				IPHONEOS_DEPLOYMENT_TARGET = 14.0;
				MTL_ENABLE_DEBUG_INFO = INCLUDE_SOURCE;
				MTL_FAST_MATH = YES;
				ONLY_ACTIVE_ARCH = YES;
				SDKROOT = iphoneos;
				SWIFT_ACTIVE_COMPILATION_CONDITIONS = DEBUG;
				SWIFT_OPTIMIZATION_LEVEL = "-Onone";
				VERSIONING_SYSTEM = "apple-generic";
				VERSION_INFO_PREFIX = "";
			};
			name = Debug;
		};
		42733B5F2537473200418642 /* Release */ = {
			isa = XCBuildConfiguration;
			buildSettings = {
				ALWAYS_SEARCH_USER_PATHS = NO;
				CLANG_ANALYZER_NONNULL = YES;
				CLANG_ANALYZER_NUMBER_OBJECT_CONVERSION = YES_AGGRESSIVE;
				CLANG_CXX_LANGUAGE_STANDARD = "gnu++14";
				CLANG_CXX_LIBRARY = "libc++";
				CLANG_ENABLE_MODULES = YES;
				CLANG_ENABLE_OBJC_ARC = YES;
				CLANG_ENABLE_OBJC_WEAK = YES;
				CLANG_WARN_BLOCK_CAPTURE_AUTORELEASING = YES;
				CLANG_WARN_BOOL_CONVERSION = YES;
				CLANG_WARN_COMMA = YES;
				CLANG_WARN_CONSTANT_CONVERSION = YES;
				CLANG_WARN_DEPRECATED_OBJC_IMPLEMENTATIONS = YES;
				CLANG_WARN_DIRECT_OBJC_ISA_USAGE = YES_ERROR;
				CLANG_WARN_DOCUMENTATION_COMMENTS = YES;
				CLANG_WARN_EMPTY_BODY = YES;
				CLANG_WARN_ENUM_CONVERSION = YES;
				CLANG_WARN_INFINITE_RECURSION = YES;
				CLANG_WARN_INT_CONVERSION = YES;
				CLANG_WARN_NON_LITERAL_NULL_CONVERSION = YES;
				CLANG_WARN_OBJC_IMPLICIT_RETAIN_SELF = YES;
				CLANG_WARN_OBJC_LITERAL_CONVERSION = YES;
				CLANG_WARN_OBJC_ROOT_CLASS = YES_ERROR;
				CLANG_WARN_QUOTED_INCLUDE_IN_FRAMEWORK_HEADER = YES;
				CLANG_WARN_RANGE_LOOP_ANALYSIS = YES;
				CLANG_WARN_STRICT_PROTOTYPES = YES;
				CLANG_WARN_SUSPICIOUS_MOVE = YES;
				CLANG_WARN_UNGUARDED_AVAILABILITY = YES_AGGRESSIVE;
				CLANG_WARN_UNREACHABLE_CODE = YES;
				CLANG_WARN__DUPLICATE_METHOD_MATCH = YES;
				COPY_PHASE_STRIP = NO;
				CURRENT_PROJECT_VERSION = 1;
				DEBUG_INFORMATION_FORMAT = "dwarf-with-dsym";
				ENABLE_NS_ASSERTIONS = NO;
				ENABLE_STRICT_OBJC_MSGSEND = YES;
				GCC_C_LANGUAGE_STANDARD = gnu11;
				GCC_NO_COMMON_BLOCKS = YES;
				GCC_WARN_64_TO_32_BIT_CONVERSION = YES;
				GCC_WARN_ABOUT_RETURN_TYPE = YES_ERROR;
				GCC_WARN_UNDECLARED_SELECTOR = YES;
				GCC_WARN_UNINITIALIZED_AUTOS = YES_AGGRESSIVE;
				GCC_WARN_UNUSED_FUNCTION = YES;
				GCC_WARN_UNUSED_VARIABLE = YES;
				IPHONEOS_DEPLOYMENT_TARGET = 14.0;
				MTL_ENABLE_DEBUG_INFO = NO;
				MTL_FAST_MATH = YES;
				SDKROOT = iphoneos;
				SWIFT_COMPILATION_MODE = wholemodule;
				SWIFT_OPTIMIZATION_LEVEL = "-O";
				VALIDATE_PRODUCT = YES;
				VERSIONING_SYSTEM = "apple-generic";
				VERSION_INFO_PREFIX = "";
			};
			name = Release;
		};
		42733B612537473200418642 /* Debug */ = {
			isa = XCBuildConfiguration;
			buildSettings = {
				CODE_SIGN_STYLE = Automatic;
				DEFINES_MODULE = YES;
				DEVELOPMENT_TEAM = GF94NY638N;
				DYLIB_COMPATIBILITY_VERSION = 1;
				DYLIB_CURRENT_VERSION = 1;
				DYLIB_INSTALL_NAME_BASE = "@rpath";
				INFOPLIST_FILE = UILayer/Info.plist;
				INSTALL_PATH = "$(LOCAL_LIBRARY_DIR)/Frameworks";
				LD_RUNPATH_SEARCH_PATHS = (
					"$(inherited)",
					"@executable_path/Frameworks",
					"@loader_path/Frameworks",
				);
				PRODUCT_BUNDLE_IDENTIFIER = misolubarda.UILayer;
				PRODUCT_NAME = "$(TARGET_NAME:c99extidentifier)";
				SKIP_INSTALL = YES;
				SWIFT_VERSION = 5.0;
				TARGETED_DEVICE_FAMILY = "1,2";
			};
			name = Debug;
		};
		42733B622537473200418642 /* Release */ = {
			isa = XCBuildConfiguration;
			buildSettings = {
				CODE_SIGN_STYLE = Automatic;
				DEFINES_MODULE = YES;
				DEVELOPMENT_TEAM = GF94NY638N;
				DYLIB_COMPATIBILITY_VERSION = 1;
				DYLIB_CURRENT_VERSION = 1;
				DYLIB_INSTALL_NAME_BASE = "@rpath";
				INFOPLIST_FILE = UILayer/Info.plist;
				INSTALL_PATH = "$(LOCAL_LIBRARY_DIR)/Frameworks";
				LD_RUNPATH_SEARCH_PATHS = (
					"$(inherited)",
					"@executable_path/Frameworks",
					"@loader_path/Frameworks",
				);
				PRODUCT_BUNDLE_IDENTIFIER = misolubarda.UILayer;
				PRODUCT_NAME = "$(TARGET_NAME:c99extidentifier)";
				SKIP_INSTALL = YES;
				SWIFT_VERSION = 5.0;
				TARGETED_DEVICE_FAMILY = "1,2";
			};
			name = Release;
		};
		42733B642537473200418642 /* Debug */ = {
			isa = XCBuildConfiguration;
			buildSettings = {
				ALWAYS_EMBED_SWIFT_STANDARD_LIBRARIES = YES;
				CODE_SIGN_STYLE = Automatic;
				DEVELOPMENT_TEAM = GF94NY638N;
				INFOPLIST_FILE = UILayerTests/Info.plist;
				LD_RUNPATH_SEARCH_PATHS = (
					"$(inherited)",
					"@executable_path/Frameworks",
					"@loader_path/Frameworks",
				);
				PRODUCT_BUNDLE_IDENTIFIER = misolubarda.UILayerTests;
				PRODUCT_NAME = "$(TARGET_NAME)";
				SWIFT_VERSION = 5.0;
				TARGETED_DEVICE_FAMILY = "1,2";
			};
			name = Debug;
		};
		42733B652537473200418642 /* Release */ = {
			isa = XCBuildConfiguration;
			buildSettings = {
				ALWAYS_EMBED_SWIFT_STANDARD_LIBRARIES = YES;
				CODE_SIGN_STYLE = Automatic;
				DEVELOPMENT_TEAM = GF94NY638N;
				INFOPLIST_FILE = UILayerTests/Info.plist;
				LD_RUNPATH_SEARCH_PATHS = (
					"$(inherited)",
					"@executable_path/Frameworks",
					"@loader_path/Frameworks",
				);
				PRODUCT_BUNDLE_IDENTIFIER = misolubarda.UILayerTests;
				PRODUCT_NAME = "$(TARGET_NAME)";
				SWIFT_VERSION = 5.0;
				TARGETED_DEVICE_FAMILY = "1,2";
			};
			name = Release;
		};
/* End XCBuildConfiguration section */

/* Begin XCConfigurationList section */
		42733B462537473200418642 /* Build configuration list for PBXProject "UILayer" */ = {
			isa = XCConfigurationList;
			buildConfigurations = (
				42733B5E2537473200418642 /* Debug */,
				42733B5F2537473200418642 /* Release */,
			);
			defaultConfigurationIsVisible = 0;
			defaultConfigurationName = Release;
		};
		42733B602537473200418642 /* Build configuration list for PBXNativeTarget "UILayer" */ = {
			isa = XCConfigurationList;
			buildConfigurations = (
				42733B612537473200418642 /* Debug */,
				42733B622537473200418642 /* Release */,
			);
			defaultConfigurationIsVisible = 0;
			defaultConfigurationName = Release;
		};
		42733B632537473200418642 /* Build configuration list for PBXNativeTarget "UILayerTests" */ = {
			isa = XCConfigurationList;
			buildConfigurations = (
				42733B642537473200418642 /* Debug */,
				42733B652537473200418642 /* Release */,
			);
			defaultConfigurationIsVisible = 0;
			defaultConfigurationName = Release;
		};
/* End XCConfigurationList section */
	};
	rootObject = 42733B432537473200418642 /* Project object */;
}
